
Microsoft Visual Studio Solution File, Format Version 12.00
# Visual Studio Version 16
VisualStudioVersion = 16.0.29905.134
MinimumVisualStudioVersion = 10.0.40219.1
Project("{FAE04EC0-301F-11D3-BF4B-00C04F79EFBC}") = "PetShop.ConsoleApp", "PetShop.ConsoleApp\PetShop.ConsoleApp.csproj", "{36B842DC-BD06-42B8-BE32-6DAC4633E68E}"
EndProject
Global
	GlobalSection(SolutionConfigurationPlatforms) = preSolution
		Debug|Any CPU = Debug|Any CPU
		Release|Any CPU = Release|Any CPU
	EndGlobalSection
	GlobalSection(ProjectConfigurationPlatforms) = postSolution
		{36B842DC-BD06-42B8-BE32-6DAC4633E68E}.Debug|Any CPU.ActiveCfg = Debug|Any CPU
		{36B842DC-BD06-42B8-BE32-6DAC4633E68E}.Debug|Any CPU.Build.0 = Debug|Any CPU
		{36B842DC-BD06-42B8-BE32-6DAC4633E68E}.Release|Any CPU.ActiveCfg = Release|Any CPU
		{36B842DC-BD06-42B8-BE32-6DAC4633E68E}.Release|Any CPU.Build.0 = Release|Any CPU
	EndGlobalSection
	GlobalSection(SolutionProperties) = preSolution
		HideSolutionNode = FALSE
	EndGlobalSection
	GlobalSection(ExtensibilityGlobals) = postSolution
		SolutionGuid = {AE568675-4C47-41EB-AA13-A15DFE3652F1}
	EndGlobalSection
EndGlobal
